{
    "version": 3,
    "terraform_version": "0.11.13",
    "serial": 13,
    "lineage": "51ce7502-d383-a836-7294-69ef5eb6c2ea",
    "modules": [
        {
            "path": [
                "root"
            ],
            "outputs": {},
            "resources": {
                "aws_ami_from_instance.wp_standard": {
                    "type": "aws_ami_from_instance",
                    "depends_on": [
                        "aws_instance.wp_dev",
                        "aws_s3_bucket.code",
                        "random_id.standard_ami"
                    ],
                    "primary": {
                        "id": "ami-04d0403a6bcbad01f",
                        "attributes": {
                            "architecture": "x86_64",
                            "description": "",
                            "ebs_block_device.#": "1",
                            "ebs_block_device.4249691741.delete_on_termination": "true",
                            "ebs_block_device.4249691741.device_name": "/dev/xvda",
                            "ebs_block_device.4249691741.encrypted": "false",
                            "ebs_block_device.4249691741.iops": "0",
                            "ebs_block_device.4249691741.snapshot_id": "snap-0788a62c36c31a69c",
                            "ebs_block_device.4249691741.volume_size": "8",
                            "ebs_block_device.4249691741.volume_type": "gp2",
                            "ena_support": "true",
                            "ephemeral_block_device.#": "0",
                            "id": "ami-04d0403a6bcbad01f",
                            "image_location": "769886337291/wp_ami-rkdg",
                            "kernel_id": "",
                            "manage_ebs_snapshots": "true",
                            "name": "wp_ami-rkdg",
                            "ramdisk_id": "",
                            "root_device_name": "/dev/xvda",
                            "root_snapshot_id": "snap-0788a62c36c31a69c",
                            "source_instance_id": "i-00d035675816ad518",
                            "sriov_net_support": "simple",
                            "tags.%": "0",
                            "virtualization_type": "hvm"
                        },
                        "meta": {
                            "e2bfb730-ecaa-11e6-8f88-34363bc7c4c0": {
                                "create": 2400000000000,
                                "delete": 5400000000000,
                                "update": 2400000000000
                            }
                        },
                        "tainted": false
                    },
                    "deposed": [],
                    "provider": "provider.aws"
                },
                "aws_autoscaling_group.wp_asg": {
                    "type": "aws_autoscaling_group",
                    "depends_on": [
                        "aws_elb.wp_elb",
                        "aws_launch_configuration.wp_lc",
                        "aws_subnet.wp_private1_subnet",
                        "aws_subnet.wp_private2_subnet"
                    ],
                    "primary": {
                        "id": "asg-wp_lc-20190422015111622000000003",
                        "attributes": {
                            "arn": "arn:aws:autoscaling:us-east-2:769886337291:autoScalingGroup:e900d302-f675-42f8-984a-069b40d06bf2:autoScalingGroupName/asg-wp_lc-20190422015111622000000003",
                            "availability_zones.#": "2",
                            "availability_zones.1726430690": "us-east-2b",
                            "availability_zones.4293815384": "us-east-2a",
                            "default_cooldown": "300",
                            "desired_capacity": "2",
                            "enabled_metrics.#": "0",
                            "force_delete": "true",
                            "health_check_grace_period": "300",
                            "health_check_type": "EC2",
                            "id": "asg-wp_lc-20190422015111622000000003",
                            "launch_configuration": "wp_lc-20190422015111622000000003",
                            "launch_template.#": "0",
                            "load_balancers.#": "1",
                            "load_balancers.1574404692": "terransible-elb",
                            "max_size": "2",
                            "metrics_granularity": "1Minute",
                            "min_size": "1",
                            "mixed_instances_policy.#": "0",
                            "name": "asg-wp_lc-20190422015111622000000003",
                            "placement_group": "",
                            "protect_from_scale_in": "false",
                            "service_linked_role_arn": "arn:aws:iam::769886337291:role/aws-service-role/autoscaling.amazonaws.com/AWSServiceRoleForAutoScaling",
                            "suspended_processes.#": "0",
                            "tag.#": "1",
                            "tag.673706737.key": "Name",
                            "tag.673706737.propagate_at_launch": "true",
                            "tag.673706737.value": "wp_asg-instance",
                            "target_group_arns.#": "0",
                            "termination_policies.#": "0",
                            "vpc_zone_identifier.#": "2",
                            "vpc_zone_identifier.1637630536": "subnet-02c9ae3c64e745619",
                            "vpc_zone_identifier.3737790906": "subnet-0a4b69270f117a50e",
                            "wait_for_capacity_timeout": "10m"
                        },
                        "meta": {
                            "e2bfb730-ecaa-11e6-8f88-34363bc7c4c0": {
                                "delete": 600000000000
                            }
                        },
                        "tainted": false
                    },
                    "deposed": [],
                    "provider": "provider.aws"
                },
                "aws_db_instance.wp_db": {
                    "type": "aws_db_instance",
                    "depends_on": [
                        "aws_db_subnet_group.wp_rds_subnetgroup",
                        "aws_security_group.wp_rds_sg"
                    ],
                    "primary": {
                        "id": "terraform-20190422001721372800000002",
                        "attributes": {
                            "address": "terraform-20190422001721372800000002.cje2oiqfeie0.us-east-2.rds.amazonaws.com",
                            "allocated_storage": "10",
                            "arn": "arn:aws:rds:us-east-2:769886337291:db:terraform-20190422001721372800000002",
                            "auto_minor_version_upgrade": "true",
                            "availability_zone": "us-east-2a",
                            "backup_retention_period": "0",
                            "backup_window": "04:25-04:55",
                            "ca_cert_identifier": "rds-ca-2015",
                            "copy_tags_to_snapshot": "false",
                            "db_subnet_group_name": "wp_rds_subnetgroup",
                            "deletion_protection": "false",
                            "domain": "",
                            "domain_iam_role_name": "",
                            "enabled_cloudwatch_logs_exports.#": "0",
                            "endpoint": "terraform-20190422001721372800000002.cje2oiqfeie0.us-east-2.rds.amazonaws.com:3306",
                            "engine": "mysql",
                            "engine_version": "5.7.25",
                            "hosted_zone_id": "Z2XHWR1WZ565X2",
                            "iam_database_authentication_enabled": "false",
                            "id": "terraform-20190422001721372800000002",
                            "identifier": "terraform-20190422001721372800000002",
                            "instance_class": "db.t2.micro",
                            "iops": "0",
                            "kms_key_id": "",
                            "license_model": "general-public-license",
                            "maintenance_window": "fri:03:12-fri:03:42",
                            "monitoring_interval": "0",
                            "multi_az": "false",
                            "name": "wpdbterransible",
                            "option_group_name": "default:mysql-5-7",
                            "parameter_group_name": "default.mysql5.7",
                            "password": "wpdbpassword",
                            "port": "3306",
                            "publicly_accessible": "false",
                            "replicas.#": "0",
                            "replicate_source_db": "",
                            "resource_id": "db-EH3OV5DUZONBOWRZHOK3OMJ6DI",
                            "security_group_names.#": "0",
                            "skip_final_snapshot": "true",
                            "status": "available",
                            "storage_encrypted": "false",
                            "storage_type": "gp2",
                            "tags.%": "0",
                            "timezone": "",
                            "username": "wpdbuser",
                            "vpc_security_group_ids.#": "1",
                            "vpc_security_group_ids.1368377252": "sg-0b33ba99242935188"
                        },
                        "meta": {
                            "e2bfb730-ecaa-11e6-8f88-34363bc7c4c0": {
                                "create": 2400000000000,
                                "delete": 2400000000000,
                                "update": 4800000000000
                            }
                        },
                        "tainted": false
                    },
                    "deposed": [],
                    "provider": "provider.aws"
                },
                "aws_db_subnet_group.wp_rds_subnetgroup": {
                    "type": "aws_db_subnet_group",
                    "depends_on": [
                        "aws_subnet.wp_rds1_subnet",
                        "aws_subnet.wp_rds2_subnet"
                    ],
                    "primary": {
                        "id": "wp_rds_subnetgroup",
                        "attributes": {
                            "arn": "arn:aws:rds:us-east-2:769886337291:subgrp:wp_rds_subnetgroup",
                            "description": "Managed by Terraform",
                            "id": "wp_rds_subnetgroup",
                            "name": "wp_rds_subnetgroup",
                            "subnet_ids.#": "2",
                            "subnet_ids.1270046282": "subnet-0d6328c53bba4deaa",
                            "subnet_ids.216397258": "subnet-0f5a948300c9a1a4e",
                            "tags.%": "1",
                            "tags.Name": "wp_rds_sng"
                        },
                        "meta": {},
                        "tainted": false
                    },
                    "deposed": [],
                    "provider": "provider.aws"
                },
                "aws_default_route_table.wp_private_rt": {
                    "type": "aws_default_route_table",
                    "depends_on": [
                        "aws_vpc.wp_vpc"
                    ],
                    "primary": {
                        "id": "rtb-0d67a90bd91b9bffa",
                        "attributes": {
                            "default_route_table_id": "rtb-0d67a90bd91b9bffa",
                            "id": "rtb-0d67a90bd91b9bffa",
                            "owner_id": "769886337291",
                            "propagating_vgws.#": "0",
                            "route.#": "0",
                            "tags.%": "1",
                            "tags.Name": "wp_private",
                            "vpc_id": "vpc-0a711372acb9cbc6c"
                        },
                        "meta": {},
                        "tainted": false
                    },
                    "deposed": [],
                    "provider": "provider.aws"
                },
                "aws_elb.wp_elb": {
                    "type": "aws_elb",
                    "depends_on": [
                        "aws_security_group.wp_public_sg",
                        "aws_subnet.wp_public1_subnet",
                        "aws_subnet.wp_public2_subnet"
                    ],
                    "primary": {
                        "id": "terransible-elb",
                        "attributes": {
                            "access_logs.#": "0",
                            "arn": "arn:aws:elasticloadbalancing:us-east-2:769886337291:loadbalancer/terransible-elb",
                            "availability_zones.#": "2",
                            "availability_zones.1726430690": "us-east-2b",
                            "availability_zones.4293815384": "us-east-2a",
                            "connection_draining": "true",
                            "connection_draining_timeout": "400",
                            "cross_zone_load_balancing": "true",
                            "dns_name": "terransible-elb-285129104.us-east-2.elb.amazonaws.com",
                            "health_check.#": "1",
                            "health_check.0.healthy_threshold": "2",
                            "health_check.0.interval": "30",
                            "health_check.0.target": "TCP:80",
                            "health_check.0.timeout": "3",
                            "health_check.0.unhealthy_threshold": "2",
                            "id": "terransible-elb",
                            "idle_timeout": "400",
                            "instances.#": "2",
                            "instances.2283385390": "i-0a7d1f841b71d36f9",
                            "instances.4033200502": "i-02754400fd8bf3bf3",
                            "internal": "false",
                            "listener.#": "1",
                            "listener.3057123346.instance_port": "80",
                            "listener.3057123346.instance_protocol": "http",
                            "listener.3057123346.lb_port": "80",
                            "listener.3057123346.lb_protocol": "http",
                            "listener.3057123346.ssl_certificate_id": "",
                            "name": "terransible-elb",
                            "security_groups.#": "1",
                            "security_groups.2412349875": "sg-0aeb6621a754ce1d4",
                            "source_security_group": "769886337291/wp_public_sg",
                            "source_security_group_id": "sg-0aeb6621a754ce1d4",
                            "subnets.#": "2",
                            "subnets.3188512136": "subnet-0f95880466b6d069a",
                            "subnets.3454135248": "subnet-056432db9c2b85883",
                            "tags.%": "1",
                            "tags.Name": "wp_terransible-elb",
                            "zone_id": "Z3AADJGX6KTTL2"
                        },
                        "meta": {},
                        "tainted": false
                    },
                    "deposed": [],
                    "provider": "provider.aws"
                },
                "aws_iam_instance_profile.s3_access_profile": {
                    "type": "aws_iam_instance_profile",
                    "depends_on": [
                        "aws_iam_role.s3_access_role"
                    ],
                    "primary": {
                        "id": "s3_access",
                        "attributes": {
                            "arn": "arn:aws:iam::769886337291:instance-profile/s3_access",
                            "create_date": "2019-04-22T00:49:56Z",
                            "id": "s3_access",
                            "name": "s3_access",
                            "path": "/",
                            "role": "s3_access_role",
                            "roles.#": "1",
                            "roles.2044655173": "s3_access_role",
                            "unique_id": "AIPA3GQGNHEFSZUXZTTSS"
                        },
                        "meta": {},
                        "tainted": false
                    },
                    "deposed": [],
                    "provider": "provider.aws"
                },
                "aws_iam_role.s3_access_role": {
                    "type": "aws_iam_role",
                    "depends_on": [],
                    "primary": {
                        "id": "s3_access_role",
                        "attributes": {
                            "arn": "arn:aws:iam::769886337291:role/s3_access_role",
                            "assume_role_policy": "{\"Version\":\"2012-10-17\",\"Statement\":[{\"Sid\":\"\",\"Effect\":\"Allow\",\"Principal\":{\"Service\":\"ec2.amazonaws.com\"},\"Action\":\"sts:AssumeRole\"}]}",
                            "create_date": "2019-04-22T00:49:55Z",
                            "description": "",
                            "force_detach_policies": "false",
                            "id": "s3_access_role",
                            "max_session_duration": "3600",
                            "name": "s3_access_role",
                            "path": "/",
                            "tags.%": "0",
                            "unique_id": "AROA3GQGNHEF2XI77DAEX"
                        },
                        "meta": {},
                        "tainted": false
                    },
                    "deposed": [],
                    "provider": "provider.aws"
                },
                "aws_iam_role_policy.s3_access_policy": {
                    "type": "aws_iam_role_policy",
                    "depends_on": [
                        "aws_iam_role.s3_access_role"
                    ],
                    "primary": {
                        "id": "s3_access_role:s3_access_policy",
                        "attributes": {
                            "id": "s3_access_role:s3_access_policy",
                            "name": "s3_access_policy",
                            "policy": "{\n  \"Version\": \"2012-10-17\",\n  \"Statement\": [\n    {\n      \"Effect\": \"Allow\",\n      \"Action\": \"s3:*\",\n      \"Resource\": \"*\"\n   }\n  ]\n}\n",
                            "role": "s3_access_role"
                        },
                        "meta": {},
                        "tainted": false
                    },
                    "deposed": [],
                    "provider": "provider.aws"
                },
                "aws_instance.wp_dev": {
                    "type": "aws_instance",
                    "depends_on": [
                        "aws_iam_instance_profile.s3_access_profile",
                        "aws_key_pair.wp_kp",
                        "aws_s3_bucket.code",
                        "aws_security_group.wp_dev_sg",
                        "aws_subnet.wp_public1_subnet"
                    ],
                    "primary": {
                        "id": "i-00d035675816ad518",
                        "attributes": {
                            "ami": "ami-02bcbb802e03574ba",
                            "arn": "arn:aws:ec2:us-east-2:769886337291:instance/i-00d035675816ad518",
                            "associate_public_ip_address": "true",
                            "availability_zone": "us-east-2a",
                            "cpu_core_count": "1",
                            "cpu_threads_per_core": "1",
                            "credit_specification.#": "1",
                            "credit_specification.0.cpu_credits": "standard",
                            "disable_api_termination": "false",
                            "ebs_block_device.#": "0",
                            "ebs_optimized": "false",
                            "ephemeral_block_device.#": "0",
                            "get_password_data": "false",
                            "iam_instance_profile": "s3_access",
                            "id": "i-00d035675816ad518",
                            "instance_state": "running",
                            "instance_type": "t2.micro",
                            "ipv6_address_count": "0",
                            "ipv6_addresses.#": "0",
                            "key_name": "kryptonite-ec2",
                            "monitoring": "false",
                            "network_interface.#": "0",
                            "password_data": "",
                            "placement_group": "",
                            "primary_network_interface_id": "eni-0bc957a832b222ff0",
                            "private_dns": "ip-10-0-1-8.us-east-2.compute.internal",
                            "private_ip": "10.0.1.8",
                            "public_dns": "ec2-18-191-218-202.us-east-2.compute.amazonaws.com",
                            "public_ip": "18.191.218.202",
                            "root_block_device.#": "1",
                            "root_block_device.0.delete_on_termination": "true",
                            "root_block_device.0.iops": "100",
                            "root_block_device.0.volume_id": "vol-0d90f58a5b9c3dd14",
                            "root_block_device.0.volume_size": "8",
                            "root_block_device.0.volume_type": "gp2",
                            "security_groups.#": "0",
                            "source_dest_check": "true",
                            "subnet_id": "subnet-0f95880466b6d069a",
                            "tags.%": "1",
                            "tags.Name": "wp_dev - EC2 instance",
                            "tenancy": "default",
                            "volume_tags.%": "0",
                            "vpc_security_group_ids.#": "1",
                            "vpc_security_group_ids.3642198270": "sg-0dfea976c5724068f"
                        },
                        "meta": {
                            "e2bfb730-ecaa-11e6-8f88-34363bc7c4c0": {
                                "create": 600000000000,
                                "delete": 1200000000000,
                                "update": 600000000000
                            },
                            "schema_version": "1"
                        },
                        "tainted": false
                    },
                    "deposed": [],
                    "provider": "provider.aws"
                },
                "aws_internet_gateway.wp_internet_gateway": {
                    "type": "aws_internet_gateway",
                    "depends_on": [
                        "aws_vpc.wp_vpc"
                    ],
                    "primary": {
                        "id": "igw-0a7176e1170ccec62",
                        "attributes": {
                            "id": "igw-0a7176e1170ccec62",
                            "owner_id": "769886337291",
                            "tags.%": "1",
                            "tags.Name": "wp_igw",
                            "vpc_id": "vpc-0a711372acb9cbc6c"
                        },
                        "meta": {},
                        "tainted": false
                    },
                    "deposed": [],
                    "provider": "provider.aws"
                },
                "aws_key_pair.wp_kp": {
                    "type": "aws_key_pair",
                    "depends_on": [],
                    "primary": {
                        "id": "kryptonite-ec2",
                        "attributes": {
                            "fingerprint": "6b:3e:32:db:03:5b:5e:51:5e:14:5b:45:03:7a:95:17",
                            "id": "kryptonite-ec2",
                            "key_name": "kryptonite-ec2",
                            "public_key": "ssh-rsa AAAAB3NzaC1yc2EAAAADAQABAAABAQDZsDt45OOTK6agSfR+dsH2S0yQ5+9yu84+Ej+h79gJrGWgFAwFkfAf0k12x6aTOInPAWoe2arBw/etVQGTmIbL6gEdGITLcElVQo3V1FqAI078BZkZ5eIMx3aw3p/4JUIaqk0AShjEGOKh3dOpbECNanpH14TtjujEmibgg6UcpjcJzw3Ypv9c/m510Mnhw2nJ5LibixbhkQIaBqFfeURi16Xyi6RGMHmTDmh5bVIZtwYXPSv4gT7gZqUJuD8HcxB3k8143Z5v4uMqIPfTU4LIuy/1YZmdbhImfBjitjYyT6tBI07UfohILClEnvKi3ppFKJFeaBa1ZZHk96QiVVBp root@wilfil44441.mylabserver.com"
                        },
                        "meta": {
                            "schema_version": "1"
                        },
                        "tainted": false
                    },
                    "deposed": [],
                    "provider": "provider.aws"
                },
                "aws_launch_configuration.wp_lc": {
                    "type": "aws_launch_configuration",
                    "depends_on": [
                        "aws_ami_from_instance.wp_standard",
                        "aws_iam_instance_profile.s3_access_profile",
                        "aws_key_pair.wp_kp",
                        "aws_security_group.wp_private_sg"
                    ],
                    "primary": {
                        "id": "wp_lc-20190422015111622000000003",
                        "attributes": {
                            "associate_public_ip_address": "false",
                            "ebs_block_device.#": "0",
                            "ebs_optimized": "false",
                            "enable_monitoring": "true",
                            "ephemeral_block_device.#": "0",
                            "iam_instance_profile": "s3_access",
                            "id": "wp_lc-20190422015111622000000003",
                            "image_id": "ami-04d0403a6bcbad01f",
                            "instance_type": "t2.micro",
                            "key_name": "kryptonite-ec2",
                            "name": "wp_lc-20190422015111622000000003",
                            "name_prefix": "wp_lc-",
                            "root_block_device.#": "0",
                            "security_groups.#": "1",
                            "security_groups.1356792602": "sg-0f0989436856efc6d",
                            "spot_price": "",
                            "user_data": "43521d9d0305175c339408684c2a9217b65831f6",
                            "vpc_classic_link_id": "",
                            "vpc_classic_link_security_groups.#": "0"
                        },
                        "meta": {},
                        "tainted": false
                    },
                    "deposed": [],
                    "provider": "provider.aws"
                },
                "aws_route53_record.db": {
                    "type": "aws_route53_record",
                    "depends_on": [
                        "aws_db_instance.wp_db",
                        "aws_route53_zone.secondary"
                    ],
                    "primary": {
                        "id": "Z17673YY27NYOK_db.terransible.be_CNAME",
                        "attributes": {
                            "fqdn": "db.terransible.be",
                            "health_check_id": "",
                            "id": "Z17673YY27NYOK_db.terransible.be_CNAME",
                            "name": "db.terransible.be",
                            "records.#": "1",
                            "records.1973779520": "terraform-20190422001721372800000002.cje2oiqfeie0.us-east-2.rds.amazonaws.com",
                            "set_identifier": "",
                            "ttl": "300",
                            "type": "CNAME",
                            "zone_id": "Z17673YY27NYOK"
                        },
                        "meta": {
                            "schema_version": "2"
                        },
                        "tainted": false
                    },
                    "deposed": [],
                    "provider": "provider.aws"
                },
                "aws_route53_record.dev": {
                    "type": "aws_route53_record",
                    "depends_on": [
                        "aws_instance.wp_dev",
                        "aws_route53_zone.primary"
                    ],
                    "primary": {
                        "id": "Z3P5EINCNCQ2ET_dev.terransible.be_A",
                        "attributes": {
                            "fqdn": "dev.terransible.be",
                            "health_check_id": "",
                            "id": "Z3P5EINCNCQ2ET_dev.terransible.be_A",
                            "name": "dev.terransible.be",
                            "records.#": "1",
                            "records.4071911118": "18.191.218.202",
                            "set_identifier": "",
                            "ttl": "300",
                            "type": "A",
                            "zone_id": "Z3P5EINCNCQ2ET"
                        },
                        "meta": {
                            "schema_version": "2"
                        },
                        "tainted": false
                    },
                    "deposed": [],
                    "provider": "provider.aws"
                },
                "aws_route53_record.www": {
                    "type": "aws_route53_record",
                    "depends_on": [
                        "aws_elb.wp_elb",
                        "aws_route53_zone.primary"
                    ],
                    "primary": {
                        "id": "Z3P5EINCNCQ2ET_www.terransible.be_A",
                        "attributes": {
                            "alias.#": "1",
                            "alias.2725444237.evaluate_target_health": "false",
                            "alias.2725444237.name": "terransible-elb-285129104.us-east-2.elb.amazonaws.com",
                            "alias.2725444237.zone_id": "Z3AADJGX6KTTL2",
                            "fqdn": "www.terransible.be",
                            "id": "Z3P5EINCNCQ2ET_www.terransible.be_A",
                            "name": "www.terransible.be",
                            "type": "A",
                            "zone_id": "Z3P5EINCNCQ2ET"
                        },
                        "meta": {
                            "schema_version": "2"
                        },
                        "tainted": false
                    },
                    "deposed": [],
                    "provider": "provider.aws"
                },
                "aws_route53_zone.primary": {
                    "type": "aws_route53_zone",
                    "depends_on": [],
                    "primary": {
                        "id": "Z3P5EINCNCQ2ET",
                        "attributes": {
                            "comment": "Managed by Terraform",
                            "delegation_set_id": "N2VGSN1F8GB9FW",
                            "force_destroy": "false",
                            "id": "Z3P5EINCNCQ2ET",
                            "name": "terransible.be.",
                            "name_servers.#": "4",
                            "name_servers.0": "ns-1221.awsdns-24.org",
                            "name_servers.1": "ns-128.awsdns-16.com",
                            "name_servers.2": "ns-1821.awsdns-35.co.uk",
                            "name_servers.3": "ns-517.awsdns-00.net",
                            "tags.%": "0",
                            "vpc.#": "0",
                            "zone_id": "Z3P5EINCNCQ2ET"
                        },
                        "meta": {},
                        "tainted": false
                    },
                    "deposed": [],
                    "provider": "provider.aws"
                },
                "aws_route53_zone.secondary": {
                    "type": "aws_route53_zone",
                    "depends_on": [
                        "aws_vpc.wp_vpc"
                    ],
                    "primary": {
                        "id": "Z17673YY27NYOK",
                        "attributes": {
                            "comment": "Managed by Terraform",
                            "delegation_set_id": "",
                            "force_destroy": "false",
                            "id": "Z17673YY27NYOK",
                            "name": "terransible.be.",
                            "name_servers.#": "4",
                            "name_servers.0": "ns-0.awsdns-00.com.",
                            "name_servers.1": "ns-1024.awsdns-00.org.",
                            "name_servers.2": "ns-1536.awsdns-00.co.uk.",
                            "name_servers.3": "ns-512.awsdns-00.net.",
                            "tags.%": "0",
                            "vpc.#": "1",
                            "vpc.1910632140.vpc_id": "vpc-0a711372acb9cbc6c",
                            "vpc.1910632140.vpc_region": "us-east-2",
                            "zone_id": "Z17673YY27NYOK"
                        },
                        "meta": {},
                        "tainted": false
                    },
                    "deposed": [],
                    "provider": "provider.aws"
                },
                "aws_route_table.wp_public_rt": {
                    "type": "aws_route_table",
                    "depends_on": [
                        "aws_internet_gateway.wp_internet_gateway",
                        "aws_vpc.wp_vpc"
                    ],
                    "primary": {
                        "id": "rtb-0720f2fe0f4d79a90",
                        "attributes": {
                            "id": "rtb-0720f2fe0f4d79a90",
                            "owner_id": "769886337291",
                            "propagating_vgws.#": "0",
                            "route.#": "1",
                            "route.1991561825.cidr_block": "0.0.0.0/0",
                            "route.1991561825.egress_only_gateway_id": "",
                            "route.1991561825.gateway_id": "igw-0a7176e1170ccec62",
                            "route.1991561825.instance_id": "",
                            "route.1991561825.ipv6_cidr_block": "",
                            "route.1991561825.nat_gateway_id": "",
                            "route.1991561825.network_interface_id": "",
                            "route.1991561825.transit_gateway_id": "",
                            "route.1991561825.vpc_peering_connection_id": "",
                            "tags.%": "1",
                            "tags.Name": "wp_public",
                            "vpc_id": "vpc-0a711372acb9cbc6c"
                        },
                        "meta": {},
                        "tainted": false
                    },
                    "deposed": [],
                    "provider": "provider.aws"
                },
                "aws_route_table_association.wp_private1_assoc": {
                    "type": "aws_route_table_association",
                    "depends_on": [
                        "aws_default_route_table.wp_private_rt",
                        "aws_subnet.wp_private1_subnet"
                    ],
                    "primary": {
                        "id": "rtbassoc-0a78cb822de9b966a",
                        "attributes": {
                            "id": "rtbassoc-0a78cb822de9b966a",
                            "route_table_id": "rtb-0d67a90bd91b9bffa",
                            "subnet_id": "subnet-02c9ae3c64e745619"
                        },
                        "meta": {},
                        "tainted": false
                    },
                    "deposed": [],
                    "provider": "provider.aws"
                },
                "aws_route_table_association.wp_private2_assoc": {
                    "type": "aws_route_table_association",
                    "depends_on": [
                        "aws_default_route_table.wp_private_rt",
                        "aws_subnet.wp_private2_subnet"
                    ],
                    "primary": {
                        "id": "rtbassoc-064550f6e2144a34c",
                        "attributes": {
                            "id": "rtbassoc-064550f6e2144a34c",
                            "route_table_id": "rtb-0d67a90bd91b9bffa",
                            "subnet_id": "subnet-0a4b69270f117a50e"
                        },
                        "meta": {},
                        "tainted": false
                    },
                    "deposed": [],
                    "provider": "provider.aws"
                },
                "aws_route_table_association.wp_public1_assoc": {
                    "type": "aws_route_table_association",
                    "depends_on": [
                        "aws_route_table.wp_public_rt",
                        "aws_subnet.wp_public1_subnet"
                    ],
                    "primary": {
                        "id": "rtbassoc-0258c2cfed69fb5ce",
                        "attributes": {
                            "id": "rtbassoc-0258c2cfed69fb5ce",
                            "route_table_id": "rtb-0720f2fe0f4d79a90",
                            "subnet_id": "subnet-0f95880466b6d069a"
                        },
                        "meta": {},
                        "tainted": false
                    },
                    "deposed": [],
                    "provider": "provider.aws"
                },
                "aws_route_table_association.wp_public2_assoc": {
                    "type": "aws_route_table_association",
                    "depends_on": [
                        "aws_route_table.wp_public_rt",
                        "aws_subnet.wp_public2_subnet"
                    ],
                    "primary": {
                        "id": "rtbassoc-0cbea85198de1ef91",
                        "attributes": {
                            "id": "rtbassoc-0cbea85198de1ef91",
                            "route_table_id": "rtb-0720f2fe0f4d79a90",
                            "subnet_id": "subnet-056432db9c2b85883"
                        },
                        "meta": {},
                        "tainted": false
                    },
                    "deposed": [],
                    "provider": "provider.aws"
                },
                "aws_s3_bucket.code": {
                    "type": "aws_s3_bucket",
                    "depends_on": [
                        "random_id.wp_code_bucket"
                    ],
                    "primary": {
                        "id": "terransible-4880",
                        "attributes": {
                            "acceleration_status": "",
                            "acl": "private",
                            "arn": "arn:aws:s3:::terransible-4880",
                            "bucket": "terransible-4880",
                            "bucket_domain_name": "terransible-4880.s3.amazonaws.com",
                            "bucket_regional_domain_name": "terransible-4880.s3.us-east-2.amazonaws.com",
                            "cors_rule.#": "0",
                            "force_destroy": "true",
                            "hosted_zone_id": "Z2O1EMRO9K5GLX",
                            "id": "terransible-4880",
                            "lifecycle_rule.#": "0",
                            "logging.#": "0",
                            "object_lock_configuration.#": "0",
                            "region": "us-east-2",
                            "replication_configuration.#": "0",
                            "request_payer": "BucketOwner",
                            "server_side_encryption_configuration.#": "0",
                            "tags.%": "1",
                            "tags.Name": "code bucket",
                            "versioning.#": "1",
                            "versioning.0.enabled": "false",
                            "versioning.0.mfa_delete": "false",
                            "website.#": "0"
                        },
                        "meta": {},
                        "tainted": false
                    },
                    "deposed": [],
                    "provider": "provider.aws"
                },
                "aws_security_group.wp_dev_sg": {
                    "type": "aws_security_group",
                    "depends_on": [
                        "aws_vpc.wp_vpc"
                    ],
                    "primary": {
                        "id": "sg-0dfea976c5724068f",
                        "attributes": {
                            "arn": "arn:aws:ec2:us-east-2:769886337291:security-group/sg-0dfea976c5724068f",
                            "description": "Used for access to the dev instance",
                            "egress.#": "1",
                            "egress.482069346.cidr_blocks.#": "1",
                            "egress.482069346.cidr_blocks.0": "0.0.0.0/0",
                            "egress.482069346.description": "",
                            "egress.482069346.from_port": "0",
                            "egress.482069346.ipv6_cidr_blocks.#": "0",
                            "egress.482069346.prefix_list_ids.#": "0",
                            "egress.482069346.protocol": "-1",
                            "egress.482069346.security_groups.#": "0",
                            "egress.482069346.self": "false",
                            "egress.482069346.to_port": "0",
                            "id": "sg-0dfea976c5724068f",
                            "ingress.#": "2",
                            "ingress.3183829872.cidr_blocks.#": "1",
                            "ingress.3183829872.cidr_blocks.0": "54.202.20.157/32",
                            "ingress.3183829872.description": "",
                            "ingress.3183829872.from_port": "22",
                            "ingress.3183829872.ipv6_cidr_blocks.#": "0",
                            "ingress.3183829872.prefix_list_ids.#": "0",
                            "ingress.3183829872.protocol": "tcp",
                            "ingress.3183829872.security_groups.#": "0",
                            "ingress.3183829872.self": "false",
                            "ingress.3183829872.to_port": "22",
                            "ingress.45655043.cidr_blocks.#": "1",
                            "ingress.45655043.cidr_blocks.0": "54.202.20.157/32",
                            "ingress.45655043.description": "",
                            "ingress.45655043.from_port": "80",
                            "ingress.45655043.ipv6_cidr_blocks.#": "0",
                            "ingress.45655043.prefix_list_ids.#": "0",
                            "ingress.45655043.protocol": "tcp",
                            "ingress.45655043.security_groups.#": "0",
                            "ingress.45655043.self": "false",
                            "ingress.45655043.to_port": "80",
                            "name": "wp_dev_sg",
                            "owner_id": "769886337291",
                            "revoke_rules_on_delete": "false",
                            "tags.%": "0",
                            "vpc_id": "vpc-0a711372acb9cbc6c"
                        },
                        "meta": {
                            "e2bfb730-ecaa-11e6-8f88-34363bc7c4c0": {
                                "create": 600000000000,
                                "delete": 600000000000
                            },
                            "schema_version": "1"
                        },
                        "tainted": false
                    },
                    "deposed": [],
                    "provider": "provider.aws"
                },
                "aws_security_group.wp_private_sg": {
                    "type": "aws_security_group",
                    "depends_on": [
                        "aws_vpc.wp_vpc"
                    ],
                    "primary": {
                        "id": "sg-0f0989436856efc6d",
                        "attributes": {
                            "arn": "arn:aws:ec2:us-east-2:769886337291:security-group/sg-0f0989436856efc6d",
                            "description": "Used for private access",
                            "egress.#": "1",
                            "egress.482069346.cidr_blocks.#": "1",
                            "egress.482069346.cidr_blocks.0": "0.0.0.0/0",
                            "egress.482069346.description": "",
                            "egress.482069346.from_port": "0",
                            "egress.482069346.ipv6_cidr_blocks.#": "0",
                            "egress.482069346.prefix_list_ids.#": "0",
                            "egress.482069346.protocol": "-1",
                            "egress.482069346.security_groups.#": "0",
                            "egress.482069346.self": "false",
                            "egress.482069346.to_port": "0",
                            "id": "sg-0f0989436856efc6d",
                            "ingress.#": "1",
                            "ingress.1960698028.cidr_blocks.#": "1",
                            "ingress.1960698028.cidr_blocks.0": "10.0.0.0/16",
                            "ingress.1960698028.description": "",
                            "ingress.1960698028.from_port": "0",
                            "ingress.1960698028.ipv6_cidr_blocks.#": "0",
                            "ingress.1960698028.prefix_list_ids.#": "0",
                            "ingress.1960698028.protocol": "-1",
                            "ingress.1960698028.security_groups.#": "0",
                            "ingress.1960698028.self": "false",
                            "ingress.1960698028.to_port": "0",
                            "name": "wp_private_sg",
                            "owner_id": "769886337291",
                            "revoke_rules_on_delete": "false",
                            "tags.%": "0",
                            "vpc_id": "vpc-0a711372acb9cbc6c"
                        },
                        "meta": {
                            "e2bfb730-ecaa-11e6-8f88-34363bc7c4c0": {
                                "create": 600000000000,
                                "delete": 600000000000
                            },
                            "schema_version": "1"
                        },
                        "tainted": false
                    },
                    "deposed": [],
                    "provider": "provider.aws"
                },
                "aws_security_group.wp_public_sg": {
                    "type": "aws_security_group",
                    "depends_on": [
                        "aws_vpc.wp_vpc"
                    ],
                    "primary": {
                        "id": "sg-0aeb6621a754ce1d4",
                        "attributes": {
                            "arn": "arn:aws:ec2:us-east-2:769886337291:security-group/sg-0aeb6621a754ce1d4",
                            "description": "Used for the ELB for public access",
                            "egress.#": "1",
                            "egress.482069346.cidr_blocks.#": "1",
                            "egress.482069346.cidr_blocks.0": "0.0.0.0/0",
                            "egress.482069346.description": "",
                            "egress.482069346.from_port": "0",
                            "egress.482069346.ipv6_cidr_blocks.#": "0",
                            "egress.482069346.prefix_list_ids.#": "0",
                            "egress.482069346.protocol": "-1",
                            "egress.482069346.security_groups.#": "0",
                            "egress.482069346.self": "false",
                            "egress.482069346.to_port": "0",
                            "id": "sg-0aeb6621a754ce1d4",
                            "ingress.#": "1",
                            "ingress.2214680975.cidr_blocks.#": "1",
                            "ingress.2214680975.cidr_blocks.0": "0.0.0.0/0",
                            "ingress.2214680975.description": "",
                            "ingress.2214680975.from_port": "80",
                            "ingress.2214680975.ipv6_cidr_blocks.#": "0",
                            "ingress.2214680975.prefix_list_ids.#": "0",
                            "ingress.2214680975.protocol": "tcp",
                            "ingress.2214680975.security_groups.#": "0",
                            "ingress.2214680975.self": "false",
                            "ingress.2214680975.to_port": "80",
                            "name": "wp_public_sg",
                            "owner_id": "769886337291",
                            "revoke_rules_on_delete": "false",
                            "tags.%": "0",
                            "vpc_id": "vpc-0a711372acb9cbc6c"
                        },
                        "meta": {
                            "e2bfb730-ecaa-11e6-8f88-34363bc7c4c0": {
                                "create": 600000000000,
                                "delete": 600000000000
                            },
                            "schema_version": "1"
                        },
                        "tainted": false
                    },
                    "deposed": [],
                    "provider": "provider.aws"
                },
                "aws_security_group.wp_rds_sg": {
                    "type": "aws_security_group",
                    "depends_on": [
                        "aws_security_group.wp_dev_sg",
                        "aws_security_group.wp_private_sg",
                        "aws_security_group.wp_public_sg",
                        "aws_vpc.wp_vpc"
                    ],
                    "primary": {
                        "id": "sg-0b33ba99242935188",
                        "attributes": {
                            "arn": "arn:aws:ec2:us-east-2:769886337291:security-group/sg-0b33ba99242935188",
                            "description": "Used for RDS instances",
                            "egress.#": "1",
                            "egress.482069346.cidr_blocks.#": "1",
                            "egress.482069346.cidr_blocks.0": "0.0.0.0/0",
                            "egress.482069346.description": "",
                            "egress.482069346.from_port": "0",
                            "egress.482069346.ipv6_cidr_blocks.#": "0",
                            "egress.482069346.prefix_list_ids.#": "0",
                            "egress.482069346.protocol": "-1",
                            "egress.482069346.security_groups.#": "0",
                            "egress.482069346.self": "false",
                            "egress.482069346.to_port": "0",
                            "id": "sg-0b33ba99242935188",
                            "ingress.#": "1",
                            "ingress.618812158.cidr_blocks.#": "0",
                            "ingress.618812158.description": "",
                            "ingress.618812158.from_port": "3306",
                            "ingress.618812158.ipv6_cidr_blocks.#": "0",
                            "ingress.618812158.prefix_list_ids.#": "0",
                            "ingress.618812158.protocol": "tcp",
                            "ingress.618812158.security_groups.#": "3",
                            "ingress.618812158.security_groups.1356792602": "sg-0f0989436856efc6d",
                            "ingress.618812158.security_groups.2412349875": "sg-0aeb6621a754ce1d4",
                            "ingress.618812158.security_groups.3642198270": "sg-0dfea976c5724068f",
                            "ingress.618812158.self": "false",
                            "ingress.618812158.to_port": "3306",
                            "name": "wp_rds_sg",
                            "owner_id": "769886337291",
                            "revoke_rules_on_delete": "false",
                            "tags.%": "0",
                            "vpc_id": "vpc-0a711372acb9cbc6c"
                        },
                        "meta": {
                            "e2bfb730-ecaa-11e6-8f88-34363bc7c4c0": {
                                "create": 600000000000,
                                "delete": 600000000000
                            },
                            "schema_version": "1"
                        },
                        "tainted": false
                    },
                    "deposed": [],
                    "provider": "provider.aws"
                },
                "aws_subnet.wp_private1_subnet": {
                    "type": "aws_subnet",
                    "depends_on": [
                        "aws_vpc.wp_vpc",
                        "data.aws_availability_zones.available"
                    ],
                    "primary": {
                        "id": "subnet-02c9ae3c64e745619",
                        "attributes": {
                            "arn": "arn:aws:ec2:us-east-2:769886337291:subnet/subnet-02c9ae3c64e745619",
                            "assign_ipv6_address_on_creation": "false",
                            "availability_zone": "us-east-2a",
                            "availability_zone_id": "use2-az1",
                            "cidr_block": "10.0.3.0/24",
                            "id": "subnet-02c9ae3c64e745619",
                            "ipv6_cidr_block": "",
                            "ipv6_cidr_block_association_id": "",
                            "map_public_ip_on_launch": "false",
                            "owner_id": "769886337291",
                            "tags.%": "1",
                            "tags.Name": "wp_private1",
                            "vpc_id": "vpc-0a711372acb9cbc6c"
                        },
                        "meta": {
                            "e2bfb730-ecaa-11e6-8f88-34363bc7c4c0": {
                                "create": 600000000000,
                                "delete": 600000000000
                            },
                            "schema_version": "1"
                        },
                        "tainted": false
                    },
                    "deposed": [],
                    "provider": "provider.aws"
                },
                "aws_subnet.wp_private2_subnet": {
                    "type": "aws_subnet",
                    "depends_on": [
                        "aws_vpc.wp_vpc",
                        "data.aws_availability_zones.available"
                    ],
                    "primary": {
                        "id": "subnet-0a4b69270f117a50e",
                        "attributes": {
                            "arn": "arn:aws:ec2:us-east-2:769886337291:subnet/subnet-0a4b69270f117a50e",
                            "assign_ipv6_address_on_creation": "false",
                            "availability_zone": "us-east-2b",
                            "availability_zone_id": "use2-az2",
                            "cidr_block": "10.0.4.0/24",
                            "id": "subnet-0a4b69270f117a50e",
                            "ipv6_cidr_block": "",
                            "ipv6_cidr_block_association_id": "",
                            "map_public_ip_on_launch": "false",
                            "owner_id": "769886337291",
                            "tags.%": "1",
                            "tags.Name": "wp_private2",
                            "vpc_id": "vpc-0a711372acb9cbc6c"
                        },
                        "meta": {
                            "e2bfb730-ecaa-11e6-8f88-34363bc7c4c0": {
                                "create": 600000000000,
                                "delete": 600000000000
                            },
                            "schema_version": "1"
                        },
                        "tainted": false
                    },
                    "deposed": [],
                    "provider": "provider.aws"
                },
                "aws_subnet.wp_public1_subnet": {
                    "type": "aws_subnet",
                    "depends_on": [
                        "aws_vpc.wp_vpc",
                        "data.aws_availability_zones.available"
                    ],
                    "primary": {
                        "id": "subnet-0f95880466b6d069a",
                        "attributes": {
                            "arn": "arn:aws:ec2:us-east-2:769886337291:subnet/subnet-0f95880466b6d069a",
                            "assign_ipv6_address_on_creation": "false",
                            "availability_zone": "us-east-2a",
                            "availability_zone_id": "use2-az1",
                            "cidr_block": "10.0.1.0/24",
                            "id": "subnet-0f95880466b6d069a",
                            "ipv6_cidr_block": "",
                            "ipv6_cidr_block_association_id": "",
                            "map_public_ip_on_launch": "true",
                            "owner_id": "769886337291",
                            "tags.%": "1",
                            "tags.Name": "wp_public1",
                            "vpc_id": "vpc-0a711372acb9cbc6c"
                        },
                        "meta": {
                            "e2bfb730-ecaa-11e6-8f88-34363bc7c4c0": {
                                "create": 600000000000,
                                "delete": 600000000000
                            },
                            "schema_version": "1"
                        },
                        "tainted": false
                    },
                    "deposed": [],
                    "provider": "provider.aws"
                },
                "aws_subnet.wp_public2_subnet": {
                    "type": "aws_subnet",
                    "depends_on": [
                        "aws_vpc.wp_vpc",
                        "data.aws_availability_zones.available"
                    ],
                    "primary": {
                        "id": "subnet-056432db9c2b85883",
                        "attributes": {
                            "arn": "arn:aws:ec2:us-east-2:769886337291:subnet/subnet-056432db9c2b85883",
                            "assign_ipv6_address_on_creation": "false",
                            "availability_zone": "us-east-2b",
                            "availability_zone_id": "use2-az2",
                            "cidr_block": "10.0.2.0/24",
                            "id": "subnet-056432db9c2b85883",
                            "ipv6_cidr_block": "",
                            "ipv6_cidr_block_association_id": "",
                            "map_public_ip_on_launch": "true",
                            "owner_id": "769886337291",
                            "tags.%": "1",
                            "tags.Name": "wp_public2",
                            "vpc_id": "vpc-0a711372acb9cbc6c"
                        },
                        "meta": {
                            "e2bfb730-ecaa-11e6-8f88-34363bc7c4c0": {
                                "create": 600000000000,
                                "delete": 600000000000
                            },
                            "schema_version": "1"
                        },
                        "tainted": false
                    },
                    "deposed": [],
                    "provider": "provider.aws"
                },
                "aws_subnet.wp_rds1_subnet": {
                    "type": "aws_subnet",
                    "depends_on": [
                        "aws_vpc.wp_vpc",
                        "data.aws_availability_zones.available"
                    ],
                    "primary": {
                        "id": "subnet-0f5a948300c9a1a4e",
                        "attributes": {
                            "arn": "arn:aws:ec2:us-east-2:769886337291:subnet/subnet-0f5a948300c9a1a4e",
                            "assign_ipv6_address_on_creation": "false",
                            "availability_zone": "us-east-2a",
                            "availability_zone_id": "use2-az1",
                            "cidr_block": "10.0.5.0/24",
                            "id": "subnet-0f5a948300c9a1a4e",
                            "ipv6_cidr_block": "",
                            "ipv6_cidr_block_association_id": "",
                            "map_public_ip_on_launch": "false",
                            "owner_id": "769886337291",
                            "tags.%": "1",
                            "tags.Name": "wp_rds1",
                            "vpc_id": "vpc-0a711372acb9cbc6c"
                        },
                        "meta": {
                            "e2bfb730-ecaa-11e6-8f88-34363bc7c4c0": {
                                "create": 600000000000,
                                "delete": 600000000000
                            },
                            "schema_version": "1"
                        },
                        "tainted": false
                    },
                    "deposed": [],
                    "provider": "provider.aws"
                },
                "aws_subnet.wp_rds2_subnet": {
                    "type": "aws_subnet",
                    "depends_on": [
                        "aws_vpc.wp_vpc",
                        "data.aws_availability_zones.available"
                    ],
                    "primary": {
                        "id": "subnet-0d6328c53bba4deaa",
                        "attributes": {
                            "arn": "arn:aws:ec2:us-east-2:769886337291:subnet/subnet-0d6328c53bba4deaa",
                            "assign_ipv6_address_on_creation": "false",
                            "availability_zone": "us-east-2b",
                            "availability_zone_id": "use2-az2",
                            "cidr_block": "10.0.6.0/24",
                            "id": "subnet-0d6328c53bba4deaa",
                            "ipv6_cidr_block": "",
                            "ipv6_cidr_block_association_id": "",
                            "map_public_ip_on_launch": "false",
                            "owner_id": "769886337291",
                            "tags.%": "1",
                            "tags.Name": "wp_rds2",
                            "vpc_id": "vpc-0a711372acb9cbc6c"
                        },
                        "meta": {
                            "e2bfb730-ecaa-11e6-8f88-34363bc7c4c0": {
                                "create": 600000000000,
                                "delete": 600000000000
                            },
                            "schema_version": "1"
                        },
                        "tainted": false
                    },
                    "deposed": [],
                    "provider": "provider.aws"
                },
                "aws_subnet.wp_rds3_subnet": {
                    "type": "aws_subnet",
                    "depends_on": [
                        "aws_vpc.wp_vpc",
                        "data.aws_availability_zones.available"
                    ],
                    "primary": {
                        "id": "subnet-03ac6fbfcef42b7c9",
                        "attributes": {
                            "arn": "arn:aws:ec2:us-east-2:769886337291:subnet/subnet-03ac6fbfcef42b7c9",
                            "assign_ipv6_address_on_creation": "false",
                            "availability_zone": "us-east-2c",
                            "availability_zone_id": "use2-az3",
                            "cidr_block": "10.0.7.0/24",
                            "id": "subnet-03ac6fbfcef42b7c9",
                            "ipv6_cidr_block": "",
                            "ipv6_cidr_block_association_id": "",
                            "map_public_ip_on_launch": "false",
                            "owner_id": "769886337291",
                            "tags.%": "1",
                            "tags.Name": "wp_rds3",
                            "vpc_id": "vpc-0a711372acb9cbc6c"
                        },
                        "meta": {
                            "e2bfb730-ecaa-11e6-8f88-34363bc7c4c0": {
                                "create": 600000000000,
                                "delete": 600000000000
                            },
                            "schema_version": "1"
                        },
                        "tainted": false
                    },
                    "deposed": [],
                    "provider": "provider.aws"
                },
                "aws_vpc.wp_vpc": {
                    "type": "aws_vpc",
                    "depends_on": [],
                    "primary": {
                        "id": "vpc-0a711372acb9cbc6c",
                        "attributes": {
                            "arn": "arn:aws:ec2:us-east-2:769886337291:vpc/vpc-0a711372acb9cbc6c",
                            "assign_generated_ipv6_cidr_block": "false",
                            "cidr_block": "10.0.0.0/16",
                            "default_network_acl_id": "acl-0eaa3fc2bd69c3b4a",
                            "default_route_table_id": "rtb-0d67a90bd91b9bffa",
                            "default_security_group_id": "sg-009a7a1c4db523d05",
                            "dhcp_options_id": "dopt-89c674e0",
                            "enable_dns_hostnames": "true",
                            "enable_dns_support": "true",
                            "id": "vpc-0a711372acb9cbc6c",
                            "instance_tenancy": "default",
                            "ipv6_association_id": "",
                            "ipv6_cidr_block": "",
                            "main_route_table_id": "rtb-0d67a90bd91b9bffa",
                            "owner_id": "769886337291",
                            "tags.%": "1",
                            "tags.Name": "wp_vpc"
                        },
                        "meta": {
                            "schema_version": "1"
                        },
                        "tainted": false
                    },
                    "deposed": [],
                    "provider": "provider.aws"
                },
                "aws_vpc_endpoint.wp_private-s3_endpoint": {
                    "type": "aws_vpc_endpoint",
                    "depends_on": [
                        "aws_default_route_table.wp_private_rt",
                        "aws_route_table.wp_public_rt",
                        "aws_vpc.wp_vpc"
                    ],
                    "primary": {
                        "id": "vpce-0962015abfe0ff616",
                        "attributes": {
                            "cidr_blocks.#": "4",
                            "cidr_blocks.0": "52.219.80.0/20",
                            "cidr_blocks.1": "3.5.128.0/21",
                            "cidr_blocks.2": "52.219.96.0/20",
                            "cidr_blocks.3": "52.92.76.0/22",
                            "dns_entry.#": "0",
                            "id": "vpce-0962015abfe0ff616",
                            "network_interface_ids.#": "0",
                            "policy": "{\"Statement\":[{\"Action\":\"*\",\"Effect\":\"Allow\",\"Principal\":\"*\",\"Resource\":\"*\"}],\"Version\":\"2008-10-17\"}",
                            "prefix_list_id": "pl-7ba54012",
                            "private_dns_enabled": "false",
                            "route_table_ids.#": "2",
                            "route_table_ids.1188942784": "rtb-0d67a90bd91b9bffa",
                            "route_table_ids.2519659433": "rtb-0720f2fe0f4d79a90",
                            "security_group_ids.#": "0",
                            "service_name": "com.amazonaws.us-east-2.s3",
                            "state": "available",
                            "subnet_ids.#": "0",
                            "vpc_endpoint_type": "Gateway",
                            "vpc_id": "vpc-0a711372acb9cbc6c"
                        },
                        "meta": {
                            "e2bfb730-ecaa-11e6-8f88-34363bc7c4c0": {
                                "create": 600000000000,
                                "delete": 600000000000,
                                "update": 600000000000
                            }
                        },
                        "tainted": false
                    },
                    "deposed": [],
                    "provider": "provider.aws"
                },
                "data.aws_availability_zones.available": {
                    "type": "aws_availability_zones",
                    "depends_on": [],
                    "primary": {
                        "id": "2019-04-22 02:09:02.536315537 +0000 UTC",
                        "attributes": {
                            "id": "2019-04-22 02:09:02.536315537 +0000 UTC",
                            "names.#": "3",
                            "names.0": "us-east-2a",
                            "names.1": "us-east-2b",
                            "names.2": "us-east-2c",
                            "zone_ids.#": "3",
                            "zone_ids.0": "use2-az1",
                            "zone_ids.1": "use2-az2",
                            "zone_ids.2": "use2-az3"
                        },
                        "meta": {},
                        "tainted": false
                    },
                    "deposed": [],
                    "provider": "provider.aws"
                },
                "random_id.standard_ami": {
                    "type": "random_id",
                    "depends_on": [],
                    "primary": {
                        "id": "rkdg",
                        "attributes": {
                            "b64": "rkdg",
                            "b64_std": "rkdg",
                            "b64_url": "rkdg",
                            "byte_length": "3",
                            "dec": "11421536",
                            "hex": "ae4760",
                            "id": "rkdg"
                        },
                        "meta": {},
                        "tainted": false
                    },
                    "deposed": [],
                    "provider": "provider.random"
                },
                "random_id.wp_code_bucket": {
                    "type": "random_id",
                    "depends_on": [],
                    "primary": {
                        "id": "ExA",
                        "attributes": {
                            "b64": "ExA",
                            "b64_std": "ExA=",
                            "b64_url": "ExA",
                            "byte_length": "2",
                            "dec": "4880",
                            "hex": "1310",
                            "id": "ExA"
                        },
                        "meta": {},
                        "tainted": false
                    },
                    "deposed": [],
                    "provider": "provider.random"
                }
            },
            "depends_on": []
        }
    ]
}
